{
  "name": "docsifysidebarautogen",
  "version": "0.1.0",
  "lockfileVersion": 1,
  "requires": true,
  "dependencies": {
    "@types/node": {
      "version": "13.7.0",
      "resolved": "https://registry.npm.taobao.org/@types/node/download/@types/node-13.7.0.tgz?cache=0&sync_timestamp=1580843161457&other_urls=https%3A%2F%2Fregistry.npm.taobao.org%2F%40types%2Fnode%2Fdownload%2F%40types%2Fnode-13.7.0.tgz",
      "integrity": "sha1-tBfe2hjPhADyeHM0ma1VR+0avsQ="
    },
    "typescript": {
      "version": "3.7.5",
      "resolved": "https://registry.npm.taobao.org/typescript/download/typescript-3.7.5.tgz",
      "integrity": "sha1-BpLiH2X9QQi5MwI4qsEd0uF3oa4="
    }
  }
}
